
Microsoft Visual Studio Solution File, Format Version 12.00
# Visual Studio Version 17
VisualStudioVersion = 17.11.35222.181
MinimumVisualStudioVersion = 10.0.40219.1
Project("{FAE04EC0-301F-11D3-BF4B-00C04F79EFBC}") = "S13", "S13\S13.csproj", "{19CFF93F-2C4A-48BC-AD77-EA5033AB2D4E}"
EndProject
Global
	GlobalSection(SolutionConfigurationPlatforms) = preSolution
		Debug|Any CPU = Debug|Any CPU
		Release|Any CPU = Release|Any CPU
	EndGlobalSection
	GlobalSection(ProjectConfigurationPlatforms) = postSolution
		{19CFF93F-2C4A-48BC-AD77-EA5033AB2D4E}.Debug|Any CPU.ActiveCfg = Debug|Any CPU
		{19CFF93F-2C4A-48BC-AD77-EA5033AB2D4E}.Debug|Any CPU.Build.0 = Debug|Any CPU
		{19CFF93F-2C4A-48BC-AD77-EA5033AB2D4E}.Release|Any CPU.ActiveCfg = Release|Any CPU
		{19CFF93F-2C4A-48BC-AD77-EA5033AB2D4E}.Release|Any CPU.Build.0 = Release|Any CPU
	EndGlobalSection
	GlobalSection(SolutionProperties) = preSolution
		HideSolutionNode = FALSE
	EndGlobalSection
	GlobalSection(ExtensibilityGlobals) = postSolution
		SolutionGuid = {4AF0EA36-A3BF-42AA-88B3-C4396C2504A4}
	EndGlobalSection
EndGlobal
